
Microsoft Visual Studio Solution File, Format Version 12.00
# Visual Studio 15
VisualStudioVersion = 15.0.26124.0
MinimumVisualStudioVersion = 15.0.26124.0
Project("{FAE04EC0-301F-11D3-BF4B-00C04F79EFBC}") = "Domain", "Domain\Domain.csproj", "{C05A4081-BD52-4978-BE59-4144771D02F5}"
EndProject
Project("{FAE04EC0-301F-11D3-BF4B-00C04F79EFBC}") = "Persistance", "Persistance\Persistance.csproj", "{D98666B2-C650-44F4-A28B-EE05E8328E8C}"
EndProject
Project("{FAE04EC0-301F-11D3-BF4B-00C04F79EFBC}") = "Application", "Application\Application.csproj", "{9C3C6392-5743-4DE4-B8E2-E01E666EB5AE}"
EndProject
Project("{FAE04EC0-301F-11D3-BF4B-00C04F79EFBC}") = "API", "API\API.csproj", "{3AD4B6DE-1729-48E3-B77B-91D0838A2920}"
EndProject
Global
	GlobalSection(SolutionConfigurationPlatforms) = preSolution
		Debug|Any CPU = Debug|Any CPU
		Debug|x64 = Debug|x64
		Debug|x86 = Debug|x86
		Release|Any CPU = Release|Any CPU
		Release|x64 = Release|x64
		Release|x86 = Release|x86
	EndGlobalSection
	GlobalSection(SolutionProperties) = preSolution
		HideSolutionNode = FALSE
	EndGlobalSection
	GlobalSection(ProjectConfigurationPlatforms) = postSolution
		{C05A4081-BD52-4978-BE59-4144771D02F5}.Debug|Any CPU.ActiveCfg = Debug|Any CPU
		{C05A4081-BD52-4978-BE59-4144771D02F5}.Debug|Any CPU.Build.0 = Debug|Any CPU
		{C05A4081-BD52-4978-BE59-4144771D02F5}.Debug|x64.ActiveCfg = Debug|Any CPU
		{C05A4081-BD52-4978-BE59-4144771D02F5}.Debug|x64.Build.0 = Debug|Any CPU
		{C05A4081-BD52-4978-BE59-4144771D02F5}.Debug|x86.ActiveCfg = Debug|Any CPU
		{C05A4081-BD52-4978-BE59-4144771D02F5}.Debug|x86.Build.0 = Debug|Any CPU
		{C05A4081-BD52-4978-BE59-4144771D02F5}.Release|Any CPU.ActiveCfg = Release|Any CPU
		{C05A4081-BD52-4978-BE59-4144771D02F5}.Release|Any CPU.Build.0 = Release|Any CPU
		{C05A4081-BD52-4978-BE59-4144771D02F5}.Release|x64.ActiveCfg = Release|Any CPU
		{C05A4081-BD52-4978-BE59-4144771D02F5}.Release|x64.Build.0 = Release|Any CPU
		{C05A4081-BD52-4978-BE59-4144771D02F5}.Release|x86.ActiveCfg = Release|Any CPU
		{C05A4081-BD52-4978-BE59-4144771D02F5}.Release|x86.Build.0 = Release|Any CPU
		{D98666B2-C650-44F4-A28B-EE05E8328E8C}.Debug|Any CPU.ActiveCfg = Debug|Any CPU
		{D98666B2-C650-44F4-A28B-EE05E8328E8C}.Debug|Any CPU.Build.0 = Debug|Any CPU
		{D98666B2-C650-44F4-A28B-EE05E8328E8C}.Debug|x64.ActiveCfg = Debug|Any CPU
		{D98666B2-C650-44F4-A28B-EE05E8328E8C}.Debug|x64.Build.0 = Debug|Any CPU
		{D98666B2-C650-44F4-A28B-EE05E8328E8C}.Debug|x86.ActiveCfg = Debug|Any CPU
		{D98666B2-C650-44F4-A28B-EE05E8328E8C}.Debug|x86.Build.0 = Debug|Any CPU
		{D98666B2-C650-44F4-A28B-EE05E8328E8C}.Release|Any CPU.ActiveCfg = Release|Any CPU
		{D98666B2-C650-44F4-A28B-EE05E8328E8C}.Release|Any CPU.Build.0 = Release|Any CPU
		{D98666B2-C650-44F4-A28B-EE05E8328E8C}.Release|x64.ActiveCfg = Release|Any CPU
		{D98666B2-C650-44F4-A28B-EE05E8328E8C}.Release|x64.Build.0 = Release|Any CPU
		{D98666B2-C650-44F4-A28B-EE05E8328E8C}.Release|x86.ActiveCfg = Release|Any CPU
		{D98666B2-C650-44F4-A28B-EE05E8328E8C}.Release|x86.Build.0 = Release|Any CPU
		{9C3C6392-5743-4DE4-B8E2-E01E666EB5AE}.Debug|Any CPU.ActiveCfg = Debug|Any CPU
		{9C3C6392-5743-4DE4-B8E2-E01E666EB5AE}.Debug|Any CPU.Build.0 = Debug|Any CPU
		{9C3C6392-5743-4DE4-B8E2-E01E666EB5AE}.Debug|x64.ActiveCfg = Debug|Any CPU
		{9C3C6392-5743-4DE4-B8E2-E01E666EB5AE}.Debug|x64.Build.0 = Debug|Any CPU
		{9C3C6392-5743-4DE4-B8E2-E01E666EB5AE}.Debug|x86.ActiveCfg = Debug|Any CPU
		{9C3C6392-5743-4DE4-B8E2-E01E666EB5AE}.Debug|x86.Build.0 = Debug|Any CPU
		{9C3C6392-5743-4DE4-B8E2-E01E666EB5AE}.Release|Any CPU.ActiveCfg = Release|Any CPU
		{9C3C6392-5743-4DE4-B8E2-E01E666EB5AE}.Release|Any CPU.Build.0 = Release|Any CPU
		{9C3C6392-5743-4DE4-B8E2-E01E666EB5AE}.Release|x64.ActiveCfg = Release|Any CPU
		{9C3C6392-5743-4DE4-B8E2-E01E666EB5AE}.Release|x64.Build.0 = Release|Any CPU
		{9C3C6392-5743-4DE4-B8E2-E01E666EB5AE}.Release|x86.ActiveCfg = Release|Any CPU
		{9C3C6392-5743-4DE4-B8E2-E01E666EB5AE}.Release|x86.Build.0 = Release|Any CPU
		{3AD4B6DE-1729-48E3-B77B-91D0838A2920}.Debug|Any CPU.ActiveCfg = Debug|Any CPU
		{3AD4B6DE-1729-48E3-B77B-91D0838A2920}.Debug|Any CPU.Build.0 = Debug|Any CPU
		{3AD4B6DE-1729-48E3-B77B-91D0838A2920}.Debug|x64.ActiveCfg = Debug|Any CPU
		{3AD4B6DE-1729-48E3-B77B-91D0838A2920}.Debug|x64.Build.0 = Debug|Any CPU
		{3AD4B6DE-1729-48E3-B77B-91D0838A2920}.Debug|x86.ActiveCfg = Debug|Any CPU
		{3AD4B6DE-1729-48E3-B77B-91D0838A2920}.Debug|x86.Build.0 = Debug|Any CPU
		{3AD4B6DE-1729-48E3-B77B-91D0838A2920}.Release|Any CPU.ActiveCfg = Release|Any CPU
		{3AD4B6DE-1729-48E3-B77B-91D0838A2920}.Release|Any CPU.Build.0 = Release|Any CPU
		{3AD4B6DE-1729-48E3-B77B-91D0838A2920}.Release|x64.ActiveCfg = Release|Any CPU
		{3AD4B6DE-1729-48E3-B77B-91D0838A2920}.Release|x64.Build.0 = Release|Any CPU
		{3AD4B6DE-1729-48E3-B77B-91D0838A2920}.Release|x86.ActiveCfg = Release|Any CPU
		{3AD4B6DE-1729-48E3-B77B-91D0838A2920}.Release|x86.Build.0 = Release|Any CPU
	EndGlobalSection
EndGlobal
